
Microsoft Visual Studio Solution File, Format Version 12.00
# Visual Studio 15
VisualStudioVersion = 15.0.26124.0
MinimumVisualStudioVersion = 15.0.26124.0
Project("{2150E333-8FDC-42A3-9474-1A3956D46DE8}") = "1_Api", "1_Api", "{48F3DF46-3450-48F5-81AB-BAFA9D065109}"
EndProject
Project("{FAE04EC0-301F-11D3-BF4B-00C04F79EFBC}") = "ProAgil.WebApi", "1_Api\ProAgil.WebApi\ProAgil.WebApi.csproj", "{CAE8FA6F-7D20-4F25-98AF-92E6BD9BF07C}"
EndProject
Project("{2150E333-8FDC-42A3-9474-1A3956D46DE8}") = "2_Domain", "2_Domain", "{4BE5ADE7-17B3-4433-9EE0-FF4FCCDDFA72}"
EndProject
Project("{FAE04EC0-301F-11D3-BF4B-00C04F79EFBC}") = "ProAgil.Domain", "2_Domain\ProAgil.Domain\ProAgil.Domain.csproj", "{8BF6C07E-E84C-4399-A075-83B26B7A30D2}"
EndProject
Project("{2150E333-8FDC-42A3-9474-1A3956D46DE8}") = "3_Infra", "3_Infra", "{F80F71EA-89A6-49CB-853E-58E720BB86E7}"
EndProject
Project("{FAE04EC0-301F-11D3-BF4B-00C04F79EFBC}") = "ProAgil.Infra", "3_Infra\ProAgil.Infra\ProAgil.Infra.csproj", "{8ACDD707-B964-4E47-927A-EFC7AA96C94D}"
EndProject
Project("{2150E333-8FDC-42A3-9474-1A3956D46DE8}") = "4_Shared", "4_Shared", "{CDA925D7-7685-4E7E-9D1F-C571F82FD808}"
EndProject
Project("{FAE04EC0-301F-11D3-BF4B-00C04F79EFBC}") = "ProAgil.Shared", "4_Shared\ProAgil.Shared\ProAgil.Shared.csproj", "{3669CAFB-F098-4CDB-8886-3D0A4BD59703}"
EndProject
Project("{2150E333-8FDC-42A3-9474-1A3956D46DE8}") = "5_Test", "5_Test", "{EB79457B-3A37-4D4A-99F5-2CA82A81CE40}"
EndProject
Project("{FAE04EC0-301F-11D3-BF4B-00C04F79EFBC}") = "ProAgil.Test", "5_Test\ProAgil.Test\ProAgil.Test.csproj", "{9AACEF27-D86A-46BB-87AD-1C6A1B7BFE23}"
EndProject
Global
	GlobalSection(SolutionConfigurationPlatforms) = preSolution
		Debug|Any CPU = Debug|Any CPU
		Debug|x64 = Debug|x64
		Debug|x86 = Debug|x86
		Release|Any CPU = Release|Any CPU
		Release|x64 = Release|x64
		Release|x86 = Release|x86
	EndGlobalSection
	GlobalSection(SolutionProperties) = preSolution
		HideSolutionNode = FALSE
	EndGlobalSection
	GlobalSection(ProjectConfigurationPlatforms) = postSolution
		{CAE8FA6F-7D20-4F25-98AF-92E6BD9BF07C}.Debug|Any CPU.ActiveCfg = Debug|Any CPU
		{CAE8FA6F-7D20-4F25-98AF-92E6BD9BF07C}.Debug|Any CPU.Build.0 = Debug|Any CPU
		{CAE8FA6F-7D20-4F25-98AF-92E6BD9BF07C}.Debug|x64.ActiveCfg = Debug|Any CPU
		{CAE8FA6F-7D20-4F25-98AF-92E6BD9BF07C}.Debug|x64.Build.0 = Debug|Any CPU
		{CAE8FA6F-7D20-4F25-98AF-92E6BD9BF07C}.Debug|x86.ActiveCfg = Debug|Any CPU
		{CAE8FA6F-7D20-4F25-98AF-92E6BD9BF07C}.Debug|x86.Build.0 = Debug|Any CPU
		{CAE8FA6F-7D20-4F25-98AF-92E6BD9BF07C}.Release|Any CPU.ActiveCfg = Release|Any CPU
		{CAE8FA6F-7D20-4F25-98AF-92E6BD9BF07C}.Release|Any CPU.Build.0 = Release|Any CPU
		{CAE8FA6F-7D20-4F25-98AF-92E6BD9BF07C}.Release|x64.ActiveCfg = Release|Any CPU
		{CAE8FA6F-7D20-4F25-98AF-92E6BD9BF07C}.Release|x64.Build.0 = Release|Any CPU
		{CAE8FA6F-7D20-4F25-98AF-92E6BD9BF07C}.Release|x86.ActiveCfg = Release|Any CPU
		{CAE8FA6F-7D20-4F25-98AF-92E6BD9BF07C}.Release|x86.Build.0 = Release|Any CPU
		{8BF6C07E-E84C-4399-A075-83B26B7A30D2}.Debug|Any CPU.ActiveCfg = Debug|Any CPU
		{8BF6C07E-E84C-4399-A075-83B26B7A30D2}.Debug|Any CPU.Build.0 = Debug|Any CPU
		{8BF6C07E-E84C-4399-A075-83B26B7A30D2}.Debug|x64.ActiveCfg = Debug|Any CPU
		{8BF6C07E-E84C-4399-A075-83B26B7A30D2}.Debug|x64.Build.0 = Debug|Any CPU
		{8BF6C07E-E84C-4399-A075-83B26B7A30D2}.Debug|x86.ActiveCfg = Debug|Any CPU
		{8BF6C07E-E84C-4399-A075-83B26B7A30D2}.Debug|x86.Build.0 = Debug|Any CPU
		{8BF6C07E-E84C-4399-A075-83B26B7A30D2}.Release|Any CPU.ActiveCfg = Release|Any CPU
		{8BF6C07E-E84C-4399-A075-83B26B7A30D2}.Release|Any CPU.Build.0 = Release|Any CPU
		{8BF6C07E-E84C-4399-A075-83B26B7A30D2}.Release|x64.ActiveCfg = Release|Any CPU
		{8BF6C07E-E84C-4399-A075-83B26B7A30D2}.Release|x64.Build.0 = Release|Any CPU
		{8BF6C07E-E84C-4399-A075-83B26B7A30D2}.Release|x86.ActiveCfg = Release|Any CPU
		{8BF6C07E-E84C-4399-A075-83B26B7A30D2}.Release|x86.Build.0 = Release|Any CPU
		{8ACDD707-B964-4E47-927A-EFC7AA96C94D}.Debug|Any CPU.ActiveCfg = Debug|Any CPU
		{8ACDD707-B964-4E47-927A-EFC7AA96C94D}.Debug|Any CPU.Build.0 = Debug|Any CPU
		{8ACDD707-B964-4E47-927A-EFC7AA96C94D}.Debug|x64.ActiveCfg = Debug|Any CPU
		{8ACDD707-B964-4E47-927A-EFC7AA96C94D}.Debug|x64.Build.0 = Debug|Any CPU
		{8ACDD707-B964-4E47-927A-EFC7AA96C94D}.Debug|x86.ActiveCfg = Debug|Any CPU
		{8ACDD707-B964-4E47-927A-EFC7AA96C94D}.Debug|x86.Build.0 = Debug|Any CPU
		{8ACDD707-B964-4E47-927A-EFC7AA96C94D}.Release|Any CPU.ActiveCfg = Release|Any CPU
		{8ACDD707-B964-4E47-927A-EFC7AA96C94D}.Release|Any CPU.Build.0 = Release|Any CPU
		{8ACDD707-B964-4E47-927A-EFC7AA96C94D}.Release|x64.ActiveCfg = Release|Any CPU
		{8ACDD707-B964-4E47-927A-EFC7AA96C94D}.Release|x64.Build.0 = Release|Any CPU
		{8ACDD707-B964-4E47-927A-EFC7AA96C94D}.Release|x86.ActiveCfg = Release|Any CPU
		{8ACDD707-B964-4E47-927A-EFC7AA96C94D}.Release|x86.Build.0 = Release|Any CPU
		{3669CAFB-F098-4CDB-8886-3D0A4BD59703}.Debug|Any CPU.ActiveCfg = Debug|Any CPU
		{3669CAFB-F098-4CDB-8886-3D0A4BD59703}.Debug|Any CPU.Build.0 = Debug|Any CPU
		{3669CAFB-F098-4CDB-8886-3D0A4BD59703}.Debug|x64.ActiveCfg = Debug|Any CPU
		{3669CAFB-F098-4CDB-8886-3D0A4BD59703}.Debug|x64.Build.0 = Debug|Any CPU
		{3669CAFB-F098-4CDB-8886-3D0A4BD59703}.Debug|x86.ActiveCfg = Debug|Any CPU
		{3669CAFB-F098-4CDB-8886-3D0A4BD59703}.Debug|x86.Build.0 = Debug|Any CPU
		{3669CAFB-F098-4CDB-8886-3D0A4BD59703}.Release|Any CPU.ActiveCfg = Release|Any CPU
		{3669CAFB-F098-4CDB-8886-3D0A4BD59703}.Release|Any CPU.Build.0 = Release|Any CPU
		{3669CAFB-F098-4CDB-8886-3D0A4BD59703}.Release|x64.ActiveCfg = Release|Any CPU
		{3669CAFB-F098-4CDB-8886-3D0A4BD59703}.Release|x64.Build.0 = Release|Any CPU
		{3669CAFB-F098-4CDB-8886-3D0A4BD59703}.Release|x86.ActiveCfg = Release|Any CPU
		{3669CAFB-F098-4CDB-8886-3D0A4BD59703}.Release|x86.Build.0 = Release|Any CPU
		{9AACEF27-D86A-46BB-87AD-1C6A1B7BFE23}.Debug|Any CPU.ActiveCfg = Debug|Any CPU
		{9AACEF27-D86A-46BB-87AD-1C6A1B7BFE23}.Debug|Any CPU.Build.0 = Debug|Any CPU
		{9AACEF27-D86A-46BB-87AD-1C6A1B7BFE23}.Debug|x64.ActiveCfg = Debug|Any CPU
		{9AACEF27-D86A-46BB-87AD-1C6A1B7BFE23}.Debug|x64.Build.0 = Debug|Any CPU
		{9AACEF27-D86A-46BB-87AD-1C6A1B7BFE23}.Debug|x86.ActiveCfg = Debug|Any CPU
		{9AACEF27-D86A-46BB-87AD-1C6A1B7BFE23}.Debug|x86.Build.0 = Debug|Any CPU
		{9AACEF27-D86A-46BB-87AD-1C6A1B7BFE23}.Release|Any CPU.ActiveCfg = Release|Any CPU
		{9AACEF27-D86A-46BB-87AD-1C6A1B7BFE23}.Release|Any CPU.Build.0 = Release|Any CPU
		{9AACEF27-D86A-46BB-87AD-1C6A1B7BFE23}.Release|x64.ActiveCfg = Release|Any CPU
		{9AACEF27-D86A-46BB-87AD-1C6A1B7BFE23}.Release|x64.Build.0 = Release|Any CPU
		{9AACEF27-D86A-46BB-87AD-1C6A1B7BFE23}.Release|x86.ActiveCfg = Release|Any CPU
		{9AACEF27-D86A-46BB-87AD-1C6A1B7BFE23}.Release|x86.Build.0 = Release|Any CPU
	EndGlobalSection
	GlobalSection(NestedProjects) = preSolution
		{CAE8FA6F-7D20-4F25-98AF-92E6BD9BF07C} = {48F3DF46-3450-48F5-81AB-BAFA9D065109}
		{8BF6C07E-E84C-4399-A075-83B26B7A30D2} = {4BE5ADE7-17B3-4433-9EE0-FF4FCCDDFA72}
		{8ACDD707-B964-4E47-927A-EFC7AA96C94D} = {F80F71EA-89A6-49CB-853E-58E720BB86E7}
		{3669CAFB-F098-4CDB-8886-3D0A4BD59703} = {CDA925D7-7685-4E7E-9D1F-C571F82FD808}
		{9AACEF27-D86A-46BB-87AD-1C6A1B7BFE23} = {EB79457B-3A37-4D4A-99F5-2CA82A81CE40}
	EndGlobalSection
EndGlobal
